# This file is autogenerated, do not edit; changes may be undone by the next 'dep ensure'.


[[projects]]
  branch = "master"
  name = "github.com/LxDB/boltcluster"
  packages = ["."]
  revision = "ec4e7b8b5940bd89472a134ce91127579a9f300d"

[[projects]]
  branch = "master"
  name = "github.com/LxDB/convert"
  packages = ["."]
  revision = "fd291c455261618f33dccd4059786c25651d3eaf"

[[projects]]
  name = "github.com/boltdb/bolt"
  packages = ["."]
  revision = "2f1ce7a837dcb8da3ec595b1dac9d0632f0f99e8"
  version = "v1.3.1"

[[projects]]
  branch = "master"
  name = "golang.org/x/sys"
  packages = ["unix"]
  revision = "37707fdb30a5b38865cfb95e5aab41707daec7fd"

[solve-meta]
  analyzer-name = "dep"
  analyzer-version = 1
  inputs-digest = "b25b0fc324e8e2491ac35fef9561ac2e5ddf2eac9929b805200f159eef075811"
  solver-name = "gps-cdcl"
  solver-version = 1
